{
  "name": "pc",
  "lockfileVersion": 2,
  "requires": true,
  "packages": {
    "": {
      "dependencies": {
        "bluetooth-scanner": "^1.0.1",
        "bluetooth-serial-port": "^3.0.0"
      }
    },
    "node_modules/@types/node": {
      "version": "18.7.6",
      "resolved": "https://registry.npmjs.org/@types/node/-/node-18.7.6.tgz",
      "integrity": "sha512-EdxgKRXgYsNITy5mjjXjVE/CS8YENSdhiagGrLqjG0pvA2owgJ6i4l7wy/PFZGC0B1/H20lWKN7ONVDNYDZm7A==",
      "optional": true
    },
    "node_modules/bindings": {
      "version": "1.5.0",
      "resolved": "https://registry.npmjs.org/bindings/-/bindings-1.5.0.tgz",
      "integrity": "sha512-p2q/t/mhvuOj/UeLlV6566GD/guowlr0hHxClI0W9m7MWYkL1F0hLo+0Aexs9HSPCtR1SXQ0TD3MMKrXZajbiQ==",
      "dependencies": {
        "file-uri-to-path": "1.0.0"
      }
    },
    "node_modules/bluetooth-scanner": {
      "version": "1.0.1",
      "resolved": "https://registry.npmjs.org/bluetooth-scanner/-/bluetooth-scanner-1.0.1.tgz",
      "integrity": "sha512-ADWT4UaTuyK+5y+7OJKqzxeGU04Ld3nKKh9pw5jN/Ga1CFGqa1EfI/bjFuMrbzk2FWEI2OgFc0tbFpog/twVGA=="
    },
    "node_modules/bluetooth-serial-port": {
      "version": "3.0.0",
      "resolved": "https://registry.npmjs.org/bluetooth-serial-port/-/bluetooth-serial-port-3.0.0.tgz",
      "integrity": "sha512-Wczs5Wsls5ZAgpr6TOhLSNLY0sB4NMAYdAN5oyC5usTATjI4bXBTmiWmgyCSkNyHimdNrLW47UxE3i4Re6x0uQ==",
      "hasInstallScript": true,
      "os": [
        "linux",
        "win32"
      ],
      "dependencies": {
        "bindings": "1.5.x",
        "nan": "2.16.x",
        "stable": "^0.1.8"
      },
      "engines": {
        "node": ">= 16.x",
        "npm": ">= 8.x"
      },
      "optionalDependencies": {
        "@types/node": "^18.0.0"
      }
    },
    "node_modules/file-uri-to-path": {
      "version": "1.0.0",
      "resolved": "https://registry.npmjs.org/file-uri-to-path/-/file-uri-to-path-1.0.0.tgz",
      "integrity": "sha512-0Zt+s3L7Vf1biwWZ29aARiVYLx7iMGnEUl9x33fbB/j3jR81u/O2LbqK+Bm1CDSNDKVtJ/YjwY7TUd5SkeLQLw=="
    },
    "node_modules/nan": {
      "version": "2.16.0",
      "resolved": "https://registry.npmjs.org/nan/-/nan-2.16.0.tgz",
      "integrity": "sha512-UdAqHyFngu7TfQKsCBgAA6pWDkT8MAO7d0jyOecVhN5354xbLqdn8mV9Tat9gepAupm0bt2DbeaSC8vS52MuFA=="
    },
    "node_modules/stable": {
      "version": "0.1.8",
      "resolved": "https://registry.npmjs.org/stable/-/stable-0.1.8.tgz",
      "integrity": "sha512-ji9qxRnOVfcuLDySj9qzhGSEFVobyt1kIOSkj1qZzYLzq7Tos/oUUWvotUPQLlrsidqsK6tBH89Bc9kL5zHA6w==",
      "deprecated": "Modern JS already guarantees Array#sort() is a stable sort, so this library is deprecated. See the compatibility table on MDN: https://developer.mozilla.org/en-US/docs/Web/JavaScript/Reference/Global_Objects/Array/sort#browser_compatibility"
    }
  },
  "dependencies": {
    "@types/node": {
      "version": "18.7.6",
      "resolved": "https://registry.npmjs.org/@types/node/-/node-18.7.6.tgz",
      "integrity": "sha512-EdxgKRXgYsNITy5mjjXjVE/CS8YENSdhiagGrLqjG0pvA2owgJ6i4l7wy/PFZGC0B1/H20lWKN7ONVDNYDZm7A==",
      "optional": true
    },
    "bindings": {
      "version": "1.5.0",
      "resolved": "https://registry.npmjs.org/bindings/-/bindings-1.5.0.tgz",
      "integrity": "sha512-p2q/t/mhvuOj/UeLlV6566GD/guowlr0hHxClI0W9m7MWYkL1F0hLo+0Aexs9HSPCtR1SXQ0TD3MMKrXZajbiQ==",
      "requires": {
        "file-uri-to-path": "1.0.0"
      }
    },
    "bluetooth-scanner": {
      "version": "1.0.1",
      "resolved": "https://registry.npmjs.org/bluetooth-scanner/-/bluetooth-scanner-1.0.1.tgz",
      "integrity": "sha512-ADWT4UaTuyK+5y+7OJKqzxeGU04Ld3nKKh9pw5jN/Ga1CFGqa1EfI/bjFuMrbzk2FWEI2OgFc0tbFpog/twVGA=="
    },
    "bluetooth-serial-port": {
      "version": "3.0.0",
      "resolved": "https://registry.npmjs.org/bluetooth-serial-port/-/bluetooth-serial-port-3.0.0.tgz",
      "integrity": "sha512-Wczs5Wsls5ZAgpr6TOhLSNLY0sB4NMAYdAN5oyC5usTATjI4bXBTmiWmgyCSkNyHimdNrLW47UxE3i4Re6x0uQ==",
      "requires": {
        "@types/node": "^18.0.0",
        "bindings": "1.5.x",
        "nan": "2.16.x",
        "stable": "^0.1.8"
      }
    },
    "file-uri-to-path": {
      "version": "1.0.0",
      "resolved": "https://registry.npmjs.org/file-uri-to-path/-/file-uri-to-path-1.0.0.tgz",
      "integrity": "sha512-0Zt+s3L7Vf1biwWZ29aARiVYLx7iMGnEUl9x33fbB/j3jR81u/O2LbqK+Bm1CDSNDKVtJ/YjwY7TUd5SkeLQLw=="
    },
    "nan": {
      "version": "2.16.0",
      "resolved": "https://registry.npmjs.org/nan/-/nan-2.16.0.tgz",
      "integrity": "sha512-UdAqHyFngu7TfQKsCBgAA6pWDkT8MAO7d0jyOecVhN5354xbLqdn8mV9Tat9gepAupm0bt2DbeaSC8vS52MuFA=="
    },
    "stable": {
      "version": "0.1.8",
      "resolved": "https://registry.npmjs.org/stable/-/stable-0.1.8.tgz",
      "integrity": "sha512-ji9qxRnOVfcuLDySj9qzhGSEFVobyt1kIOSkj1qZzYLzq7Tos/oUUWvotUPQLlrsidqsK6tBH89Bc9kL5zHA6w=="
    }
  }
}
